<?xml version="1.0" encoding="utf-8"?>
<Project ToolsVersion="4.0" xmlns="http://schemas.microsoft.com/developer/msbuild/2003">
  <ItemGroup>
    <Filter Include="inc">
      <UniqueIdentifier>{7d7ef338-337f-4375-a631-a6a46708b277}</UniqueIdentifier>
    </Filter>
    <Filter Include="inc\engine">
      <UniqueIdentifier>{1fbf102d-f80c-46fc-9b95-25b6e93c015d}</UniqueIdentifier>
    </Filter>
    <Filter Include="inc\game">
      <UniqueIdentifier>{41f802d0-0232-4fdb-a4f1-805b35667a39}</UniqueIdentifier>
    </Filter>
    <Filter Include="inc\gl">
      <UniqueIdentifier>{14d92ffc-93a7-4dfb-a224-395732de9cd4}</UniqueIdentifier>
    </Filter>
    <Filter Include="inc\glfw">
      <UniqueIdentifier>{7b27e0cd-bbae-4a90-98e5-08bf39b5eed5}</UniqueIdentifier>
    </Filter>
    <Filter Include="inc\maths">
      <UniqueIdentifier>{5cb69ee8-40be-48e4-8eb4-c6c65fe85249}</UniqueIdentifier>
    </Filter>
    <Filter Include="inc\physics">
      <UniqueIdentifier>{bfcc7ba7-7599-4eb7-a56d-1659b9afba12}</UniqueIdentifier>
    </Filter>
    <Filter Include="src">
      <UniqueIdentifier>{14275ff7-505c-427e-8c25-f030296a9707}</UniqueIdentifier>
    </Filter>
    <Filter Include="src\engine">
      <UniqueIdentifier>{8385bea2-d734-47c0-8f74-22e35707e25b}</UniqueIdentifier>
    </Filter>
    <Filter Include="src\game">
      <UniqueIdentifier>{bcd40587-2fb4-402e-937a-689ba07c4d22}</UniqueIdentifier>
    </Filter>
    <Filter Include="src\gl">
      <UniqueIdentifier>{dd7a02a0-0f7c-42b3-bfc7-cce4dfa46930}</UniqueIdentifier>
    </Filter>
    <Filter Include="src\glfw">
      <UniqueIdentifier>{527d33d1-5927-4c5e-abe2-0073defc04e4}</UniqueIdentifier>
    </Filter>
    <Filter Include="src\maths">
      <UniqueIdentifier>{bacf9a57-aa29-4bac-904f-71ebe7149e91}</UniqueIdentifier>
    </Filter>
    <Filter Include="src\physics">
      <UniqueIdentifier>{86ed82fe-c960-4d86-a275-2e6e9a283bb4}</UniqueIdentifier>
    </Filter>
  </ItemGroup>
  <ItemGroup>
    <ClInclude Include="inc\engine\random.h">
      <Filter>inc\engine</Filter>
    </ClInclude>
    <ClInclude Include="inc\engine\renderer.h">
      <Filter>inc\engine</Filter>
    </ClInclude>
    <ClInclude Include="inc\engine\timer.h">
      <Filter>inc\engine</Filter>
    </ClInclude>
    <ClInclude Include="inc\gl\buffer.h">
      <Filter>inc\gl</Filter>
    </ClInclude>
    <ClInclude Include="inc\gl\core.h">
      <Filter>inc\gl</Filter>
    </ClInclude>
    <ClInclude Include="inc\gl\framebuffer.h">
      <Filter>inc\gl</Filter>
    </ClInclude>
    <ClInclude Include="inc\gl\shader.h">
      <Filter>inc\gl</Filter>
    </ClInclude>
    <ClInclude Include="inc\gl\texture.h">
      <Filter>inc\gl</Filter>
    </ClInclude>
    <ClInclude Include="inc\gl\vertex_array.h">
      <Filter>inc\gl</Filter>
    </ClInclude>
    <ClInclude Include="inc\gl\window.h">
      <Filter>inc\gl</Filter>
    </ClInclude>
    <ClInclude Include="inc\glfw\glfw.h">
      <Filter>inc\glfw</Filter>
    </ClInclude>
    <ClInclude Include="inc\maths\maths.h">
      <Filter>inc\maths</Filter>
    </ClInclude>
    <ClInclude Include="inc\physics\intersection.h">
      <Filter>inc\physics</Filter>
    </ClInclude>
    <ClInclude Include="inc\physics\simulator.h">
      <Filter>inc\physics</Filter>
    </ClInclude>
  </ItemGroup>
  <ItemGroup>
    <ClCompile Include="src\game\compute_main.cpp">
      <Filter>src\game</Filter>
    </ClCompile>
    <ClCompile Include="src\game\main.cpp">
      <Filter>src\game</Filter>
    </ClCompile>
    <ClCompile Include="src\gl\buffer.cpp">
      <Filter>src\gl</Filter>
    </ClCompile>
    <ClCompile Include="src\gl\core.cpp">
      <Filter>src\gl</Filter>
    </ClCompile>
    <ClCompile Include="src\gl\framebuffer.cpp">
      <Filter>src\gl</Filter>
    </ClCompile>
    <ClCompile Include="src\gl\shader.cpp">
      <Filter>src\gl</Filter>
    </ClCompile>
    <ClCompile Include="src\gl\texture.cpp">
      <Filter>src\gl</Filter>
    </ClCompile>
    <ClCompile Include="src\gl\vertex_array.cpp">
      <Filter>src\gl</Filter>
    </ClCompile>
    <ClCompile Include="src\gl\window.cpp">
      <Filter>src\gl</Filter>
    </ClCompile>
    <ClCompile Include="src\maths\maths.cpp">
      <Filter>src\maths</Filter>
    </ClCompile>
    <ClCompile Include="src\physics\intersection.cpp">
      <Filter>src\physics</Filter>
    </ClCompile>
    <ClCompile Include="src\physics\simulator.cpp">
      <Filter>src\physics</Filter>
    </ClCompile>
    <ClCompile Include="src\engine\random.cpp">
      <Filter>src\engine</Filter>
    </ClCompile>
    <ClCompile Include="src\engine\renderer.cpp">
      <Filter>src\engine</Filter>
    </ClCompile>
    <ClCompile Include="src\engine\timer.cpp">
      <Filter>src\engine</Filter>
    </ClCompile>
  </ItemGroup>
</Project>